
Microsoft Visual Studio Solution File, Format Version 12.00
# Visual Studio Version 17
VisualStudioVersion = 17.8.34511.84
MinimumVisualStudioVersion = 10.0.40219.1
Project("{9A19103F-16F7-4668-BE54-9A1E7A4F7556}") = "Store", "WebTechProject\Store.csproj", "{FEDD0C6F-796E-4E70-A3BC-CFDD8C9FAD74}"
EndProject
Project("{9A19103F-16F7-4668-BE54-9A1E7A4F7556}") = "ApiTest", "ApiTest\ApiTest.csproj", "{AC5FD022-4923-4368-AC8A-705FA7227D55}"
EndProject
Global
	GlobalSection(SolutionConfigurationPlatforms) = preSolution
		Debug|Any CPU = Debug|Any CPU
		Release|Any CPU = Release|Any CPU
	EndGlobalSection
	GlobalSection(ProjectConfigurationPlatforms) = postSolution
		{FEDD0C6F-796E-4E70-A3BC-CFDD8C9FAD74}.Debug|Any CPU.ActiveCfg = Debug|Any CPU
		{FEDD0C6F-796E-4E70-A3BC-CFDD8C9FAD74}.Debug|Any CPU.Build.0 = Debug|Any CPU
		{FEDD0C6F-796E-4E70-A3BC-CFDD8C9FAD74}.Release|Any CPU.ActiveCfg = Release|Any CPU
		{FEDD0C6F-796E-4E70-A3BC-CFDD8C9FAD74}.Release|Any CPU.Build.0 = Release|Any CPU
		{AC5FD022-4923-4368-AC8A-705FA7227D55}.Debug|Any CPU.ActiveCfg = Debug|Any CPU
		{AC5FD022-4923-4368-AC8A-705FA7227D55}.Debug|Any CPU.Build.0 = Debug|Any CPU
		{AC5FD022-4923-4368-AC8A-705FA7227D55}.Release|Any CPU.ActiveCfg = Release|Any CPU
		{AC5FD022-4923-4368-AC8A-705FA7227D55}.Release|Any CPU.Build.0 = Release|Any CPU
	EndGlobalSection
	GlobalSection(SolutionProperties) = preSolution
		HideSolutionNode = FALSE
	EndGlobalSection
	GlobalSection(ExtensibilityGlobals) = postSolution
		SolutionGuid = {8F81320B-000F-48CE-B074-610822509795}
	EndGlobalSection
EndGlobal
